// !$*UTF8*$!
{
	archiveVersion = 1;
	classes = {
	};
	objectVersion = 46;
	objects = {

/* Begin PBXBuildFile section */
		7CA1A5A61CB955D80001D27F /* AppDelegate.swift in Sources */ = {isa = PBXBuildFile; fileRef = 7CA1A5A51CB955D80001D27F /* AppDelegate.swift */; };
		7CA1A5AB1CB955D80001D27F /* Main.storyboard in Resources */ = {isa = PBXBuildFile; fileRef = 7CA1A5A91CB955D80001D27F /* Main.storyboard */; };
		7CA1A5AD1CB955D80001D27F /* Assets.xcassets in Resources */ = {isa = PBXBuildFile; fileRef = 7CA1A5AC1CB955D80001D27F /* Assets.xcassets */; };
		7CA1A5B81CB9574B0001D27F /* HomeViewController.swift in Sources */ = {isa = PBXBuildFile; fileRef = 7CA1A5B71CB9574B0001D27F /* HomeViewController.swift */; };
		7CA1A5BA1CB964340001D27F /* Carousel.swift in Sources */ = {isa = PBXBuildFile; fileRef = 7CA1A5B91CB964340001D27F /* Carousel.swift */; };
		7CA1A5BC1CB972590001D27F /* CaroselCollectionViewCell.swift in Sources */ = {isa = PBXBuildFile; fileRef = 7CA1A5BB1CB972590001D27F /* CaroselCollectionViewCell.swift */; };
/* End PBXBuildFile section */

/* Begin PBXFileReference section */
		7CA1A5A21CB955D80001D27F /* 02 Carousel.app */ = {isa = PBXFileReference; explicitFileType = wrapper.application; includeInIndex = 0; path = "02 Carousel.app"; sourceTree = BUILT_PRODUCTS_DIR; };
		7CA1A5A51CB955D80001D27F /* AppDelegate.swift */ = {isa = PBXFileReference; lastKnownFileType = sourcecode.swift; path = AppDelegate.swift; sourceTree = "<group>"; };
		7CA1A5AA1CB955D80001D27F /* Base */ = {isa = PBXFileReference; lastKnownFileType = file.storyboard; name = Base; path = Base.lproj/Main.storyboard; sourceTree = "<group>"; };
		7CA1A5AC1CB955D80001D27F /* Assets.xcassets */ = {isa = PBXFileReference; lastKnownFileType = folder.assetcatalog; path = Assets.xcassets; sourceTree = "<group>"; };
		7CA1A5B11CB955D80001D27F /* Info.plist */ = {isa = PBXFileReference; lastKnownFileType = text.plist.xml; path = Info.plist; sourceTree = "<group>"; };
		7CA1A5B71CB9574B0001D27F /* HomeViewController.swift */ = {isa = PBXFileReference; fileEncoding = 4; lastKnownFileType = sourcecode.swift; path = HomeViewController.swift; sourceTree = "<group>"; };
		7CA1A5B91CB964340001D27F /* Carousel.swift */ = {isa = PBXFileReference; fileEncoding = 4; lastKnownFileType = sourcecode.swift; path = Carousel.swift; sourceTree = "<group>"; };
		7CA1A5BB1CB972590001D27F /* CaroselCollectionViewCell.swift */ = {isa = PBXFileReference; fileEncoding = 4; lastKnownFileType = sourcecode.swift; path = CaroselCollectionViewCell.swift; sourceTree = "<group>"; };
/* End PBXFileReference section */

/* Begin PBXFrameworksBuildPhase section */
		7CA1A59F1CB955D80001D27F /* Frameworks */ = {
			isa = PBXFrameworksBuildPhase;
			buildActionMask = 2147483647;
			files = (
			);
			runOnlyForDeploymentPostprocessing = 0;
		};
/* End PBXFrameworksBuildPhase section */

/* Begin PBXGroup section */
		7CA1A5991CB955D80001D27F = {
			isa = PBXGroup;
			children = (
				7CA1A5A41CB955D80001D27F /* 02 Carousel */,
				7CA1A5A31CB955D80001D27F /* Products */,
			);
			sourceTree = "<group>";
		};
		7CA1A5A31CB955D80001D27F /* Products */ = {
			isa = PBXGroup;
			children = (
				7CA1A5A21CB955D80001D27F /* 02 Carousel.app */,
			);
			name = Products;
			sourceTree = "<group>";
		};
		7CA1A5A41CB955D80001D27F /* 02 Carousel */ = {
			isa = PBXGroup;
			children = (
				7CA1A5A51CB955D80001D27F /* AppDelegate.swift */,
				7CA1A5A91CB955D80001D27F /* Main.storyboard */,
				7CA1A5AC1CB955D80001D27F /* Assets.xcassets */,
				7CA1A5B11CB955D80001D27F /* Info.plist */,
				7CA1A5B71CB9574B0001D27F /* HomeViewController.swift */,
				7CA1A5B91CB964340001D27F /* Carousel.swift */,
				7CA1A5BB1CB972590001D27F /* CaroselCollectionViewCell.swift */,
			);
			path = "02 Carousel";
			sourceTree = "<group>";
		};
/* End PBXGroup section */

/* Begin PBXNativeTarget section */
		7CA1A5A11CB955D80001D27F /* 02 Carousel */ = {
			isa = PBXNativeTarget;
			buildConfigurationList = 7CA1A5B41CB955D80001D27F /* Build configuration list for PBXNativeTarget "02 Carousel" */;
			buildPhases = (
				7CA1A59E1CB955D80001D27F /* Sources */,
				7CA1A59F1CB955D80001D27F /* Frameworks */,
				7CA1A5A01CB955D80001D27F /* Resources */,
			);
			buildRules = (
			);
			dependencies = (
			);
			name = "02 Carousel";
			productName = "02 Carousel";
			productReference = 7CA1A5A21CB955D80001D27F /* 02 Carousel.app */;
			productType = "com.apple.product-type.application";
		};
/* End PBXNativeTarget section */

/* Begin PBXProject section */
		7CA1A59A1CB955D80001D27F /* Project object */ = {
			isa = PBXProject;
			attributes = {
				LastSwiftUpdateCheck = 0730;
				LastUpgradeCheck = 0730;
				ORGANIZATIONNAME = "Felipe Assunção";
				TargetAttributes = {
					7CA1A5A11CB955D80001D27F = {
						CreatedOnToolsVersion = 7.3;
						DevelopmentTeam = 9KT7E833CG;
					};
				};
			};
			buildConfigurationList = 7CA1A59D1CB955D80001D27F /* Build configuration list for PBXProject "02 Carousel" */;
			compatibilityVersion = "Xcode 3.2";
			developmentRegion = English;
			hasScannedForEncodings = 0;
			knownRegions = (
				en,
				Base,
			);
			mainGroup = 7CA1A5991CB955D80001D27F;
			productRefGroup = 7CA1A5A31CB955D80001D27F /* Products */;
			projectDirPath = "";
			projectRoot = "";
			targets = (
				7CA1A5A11CB955D80001D27F /* 02 Carousel */,
			);
		};
/* End PBXProject section */

/* Begin PBXResourcesBuildPhase section */
		7CA1A5A01CB955D80001D27F /* Resources */ = {
			isa = PBXResourcesBuildPhase;
			buildActionMask = 2147483647;
			files = (
				7CA1A5AD1CB955D80001D27F /* Assets.xcassets in Resources */,
				7CA1A5AB1CB955D80001D27F /* Main.storyboard in Resources */,
			);
			runOnlyForDeploymentPostprocessing = 0;
		};
/* End PBXResourcesBuildPhase section */

/* Begin PBXSourcesBuildPhase section */
		7CA1A59E1CB955D80001D27F /* Sources */ = {
			isa = PBXSourcesBuildPhase;
			buildActionMask = 2147483647;
			files = (
				7CA1A5BA1CB964340001D27F /* Carousel.swift in Sources */,
				7CA1A5A61CB955D80001D27F /* AppDelegate.swift in Sources */,
				7CA1A5BC1CB972590001D27F /* CaroselCollectionViewCell.swift in Sources */,
				7CA1A5B81CB9574B0001D27F /* HomeViewController.swift in Sources */,
			);
			runOnlyForDeploymentPostprocessing = 0;
		};
/* End PBXSourcesBuildPhase section */

/* Begin PBXVariantGroup section */
		7CA1A5A91CB955D80001D27F /* Main.storyboard */ = {
			isa = PBXVariantGroup;
			children = (
				7CA1A5AA1CB955D80001D27F /* Base */,
			);
			name = Main.storyboard;
			sourceTree = "<group>";
		};
/* End PBXVariantGroup section */

/* Begin XCBuildConfiguration section */
		7CA1A5B21CB955D80001D27F /* Debug */ = {
			isa = XCBuildConfiguration;
			buildSettings = {
				ALWAYS_SEARCH_USER_PATHS = NO;
				CLANG_ANALYZER_NONNULL = YES;
				CLANG_CXX_LANGUAGE_STANDARD = "gnu++0x";
				CLANG_CXX_LIBRARY = "libc++";
				CLANG_ENABLE_MODULES = YES;
				CLANG_ENABLE_OBJC_ARC = YES;
				CLANG_WARN_BOOL_CONVERSION = YES;
				CLANG_WARN_CONSTANT_CONVERSION = YES;
				CLANG_WARN_DIRECT_OBJC_ISA_USAGE = YES_ERROR;
				CLANG_WARN_EMPTY_BODY = YES;
				CLANG_WARN_ENUM_CONVERSION = YES;
				CLANG_WARN_INT_CONVERSION = YES;
				CLANG_WARN_OBJC_ROOT_CLASS = YES_ERROR;
				CLANG_WARN_UNREACHABLE_CODE = YES;
				CLANG_WARN__DUPLICATE_METHOD_MATCH = YES;
				"CODE_SIGN_IDENTITY[sdk=iphoneos*]" = "iPhone Developer";
				COPY_PHASE_STRIP = NO;
				DEBUG_INFORMATION_FORMAT = dwarf;
				ENABLE_STRICT_OBJC_MSGSEND = YES;
				ENABLE_TESTABILITY = YES;
				GCC_C_LANGUAGE_STANDARD = gnu99;
				GCC_DYNAMIC_NO_PIC = NO;
				GCC_NO_COMMON_BLOCKS = YES;
				GCC_OPTIMIZATION_LEVEL = 0;
				GCC_PREPROCESSOR_DEFINITIONS = (
					"DEBUG=1",
					"$(inherited)",
				);
				GCC_WARN_64_TO_32_BIT_CONVERSION = YES;
				GCC_WARN_ABOUT_RETURN_TYPE = YES_ERROR;
				GCC_WARN_UNDECLARED_SELECTOR = YES;
				GCC_WARN_UNINITIALIZED_AUTOS = YES_AGGRESSIVE;
				GCC_WARN_UNUSED_FUNCTION = YES;
				GCC_WARN_UNUSED_VARIABLE = YES;
				IPHONEOS_DEPLOYMENT_TARGET = 9.3;
				MTL_ENABLE_DEBUG_INFO = YES;
				ONLY_ACTIVE_ARCH = YES;
				SDKROOT = iphoneos;
				SWIFT_OPTIMIZATION_LEVEL = "-Onone";
			};
			name = Debug;
		};
		7CA1A5B31CB955D80001D27F /* Release */ = {
			isa = XCBuildConfiguration;
			buildSettings = {
				ALWAYS_SEARCH_USER_PATHS = NO;
				CLANG_ANALYZER_NONNULL = YES;
				CLANG_CXX_LANGUAGE_STANDARD = "gnu++0x";
				CLANG_CXX_LIBRARY = "libc++";
				CLANG_ENABLE_MODULES = YES;
				CLANG_ENABLE_OBJC_ARC = YES;
				CLANG_WARN_BOOL_CONVERSION = YES;
				CLANG_WARN_CONSTANT_CONVERSION = YES;
				CLANG_WARN_DIRECT_OBJC_ISA_USAGE = YES_ERROR;
				CLANG_WARN_EMPTY_BODY = YES;
				CLANG_WARN_ENUM_CONVERSION = YES;
				CLANG_WARN_INT_CONVERSION = YES;
				CLANG_WARN_OBJC_ROOT_CLASS = YES_ERROR;
				CLANG_WARN_UNREACHABLE_CODE = YES;
				CLANG_WARN__DUPLICATE_METHOD_MATCH = YES;
				"CODE_SIGN_IDENTITY[sdk=iphoneos*]" = "iPhone Developer";
				COPY_PHASE_STRIP = NO;
				DEBUG_INFORMATION_FORMAT = "dwarf-with-dsym";
				ENABLE_NS_ASSERTIONS = NO;
				ENABLE_STRICT_OBJC_MSGSEND = YES;
				GCC_C_LANGUAGE_STANDARD = gnu99;
				GCC_NO_COMMON_BLOCKS = YES;
				GCC_WARN_64_TO_32_BIT_CONVERSION = YES;
				GCC_WARN_ABOUT_RETURN_TYPE = YES_ERROR;
				GCC_WARN_UNDECLARED_SELECTOR = YES;
				GCC_WARN_UNINITIALIZED_AUTOS = YES_AGGRESSIVE;
				GCC_WARN_UNUSED_FUNCTION = YES;
				GCC_WARN_UNUSED_VARIABLE = YES;
				IPHONEOS_DEPLOYMENT_TARGET = 9.3;
				MTL_ENABLE_DEBUG_INFO = NO;
				SDKROOT = iphoneos;
				VALIDATE_PRODUCT = YES;
			};
			name = Release;
		};
		7CA1A5B51CB955D80001D27F /* Debug */ = {
			isa = XCBuildConfiguration;
			buildSettings = {
				ASSETCATALOG_COMPILER_APPICON_NAME = AppIcon;
				CODE_SIGN_IDENTITY = "iPhone Developer";
				INFOPLIST_FILE = "02 Carousel/Info.plist";
				LD_RUNPATH_SEARCH_PATHS = "$(inherited) @executable_path/Frameworks";
				PRODUCT_BUNDLE_IDENTIFIER = "com.acquire.-2-Carousel";
				PRODUCT_NAME = "$(TARGET_NAME)";
			};
			name = Debug;
		};
		7CA1A5B61CB955D80001D27F /* Release */ = {
			isa = XCBuildConfiguration;
			buildSettings = {
				ASSETCATALOG_COMPILER_APPICON_NAME = AppIcon;
				CODE_SIGN_IDENTITY = "iPhone Developer";
				INFOPLIST_FILE = "02 Carousel/Info.plist";
				LD_RUNPATH_SEARCH_PATHS = "$(inherited) @executable_path/Frameworks";
				PRODUCT_BUNDLE_IDENTIFIER = "com.acquire.-2-Carousel";
				PRODUCT_NAME = "$(TARGET_NAME)";
			};
			name = Release;
		};
/* End XCBuildConfiguration section */

/* Begin XCConfigurationList section */
		7CA1A59D1CB955D80001D27F /* Build configuration list for PBXProject "02 Carousel" */ = {
			isa = XCConfigurationList;
			buildConfigurations = (
				7CA1A5B21CB955D80001D27F /* Debug */,
				7CA1A5B31CB955D80001D27F /* Release */,
			);
			defaultConfigurationIsVisible = 0;
			defaultConfigurationName = Release;
		};
		7CA1A5B41CB955D80001D27F /* Build configuration list for PBXNativeTarget "02 Carousel" */ = {
			isa = XCConfigurationList;
			buildConfigurations = (
				7CA1A5B51CB955D80001D27F /* Debug */,
				7CA1A5B61CB955D80001D27F /* Release */,
			);
			defaultConfigurationIsVisible = 0;
		};
/* End XCConfigurationList section */
	};
	rootObject = 7CA1A59A1CB955D80001D27F /* Project object */;
}
