// !$*UTF8*$!
{
	archiveVersion = 1;
	classes = {
	};
	objectVersion = 46;
	objects = {

/* Begin PBXBuildFile section */
		7CA1A5861CB847CE0001D27F /* AppDelegate.swift in Sources */ = {isa = PBXBuildFile; fileRef = 7CA1A5851CB847CE0001D27F /* AppDelegate.swift */; };
		7CA1A5881CB847CE0001D27F /* ViewController.swift in Sources */ = {isa = PBXBuildFile; fileRef = 7CA1A5871CB847CE0001D27F /* ViewController.swift */; };
		7CA1A58B1CB847CE0001D27F /* Main.storyboard in Resources */ = {isa = PBXBuildFile; fileRef = 7CA1A5891CB847CE0001D27F /* Main.storyboard */; };
		7CA1A58D1CB847CE0001D27F /* Assets.xcassets in Resources */ = {isa = PBXBuildFile; fileRef = 7CA1A58C1CB847CE0001D27F /* Assets.xcassets */; };
		7CA1A5901CB847CE0001D27F /* LaunchScreen.storyboard in Resources */ = {isa = PBXBuildFile; fileRef = 7CA1A58E1CB847CE0001D27F /* LaunchScreen.storyboard */; };
/* End PBXBuildFile section */

/* Begin PBXFileReference section */
		7CA1A5821CB847CE0001D27F /* 01_Timer.app */ = {isa = PBXFileReference; explicitFileType = wrapper.application; includeInIndex = 0; path = 01_Timer.app; sourceTree = BUILT_PRODUCTS_DIR; };
		7CA1A5851CB847CE0001D27F /* AppDelegate.swift */ = {isa = PBXFileReference; lastKnownFileType = sourcecode.swift; path = AppDelegate.swift; sourceTree = "<group>"; };
		7CA1A5871CB847CE0001D27F /* ViewController.swift */ = {isa = PBXFileReference; lastKnownFileType = sourcecode.swift; path = ViewController.swift; sourceTree = "<group>"; };
		7CA1A58A1CB847CE0001D27F /* Base */ = {isa = PBXFileReference; lastKnownFileType = file.storyboard; name = Base; path = Base.lproj/Main.storyboard; sourceTree = "<group>"; };
		7CA1A58C1CB847CE0001D27F /* Assets.xcassets */ = {isa = PBXFileReference; lastKnownFileType = folder.assetcatalog; path = Assets.xcassets; sourceTree = "<group>"; };
		7CA1A58F1CB847CE0001D27F /* Base */ = {isa = PBXFileReference; lastKnownFileType = file.storyboard; name = Base; path = Base.lproj/LaunchScreen.storyboard; sourceTree = "<group>"; };
		7CA1A5911CB847CE0001D27F /* Info.plist */ = {isa = PBXFileReference; lastKnownFileType = text.plist.xml; path = Info.plist; sourceTree = "<group>"; };
/* End PBXFileReference section */

/* Begin PBXFrameworksBuildPhase section */
		7CA1A57F1CB847CE0001D27F /* Frameworks */ = {
			isa = PBXFrameworksBuildPhase;
			buildActionMask = 2147483647;
			files = (
			);
			runOnlyForDeploymentPostprocessing = 0;
		};
/* End PBXFrameworksBuildPhase section */

/* Begin PBXGroup section */
		7CA1A5791CB847CE0001D27F = {
			isa = PBXGroup;
			children = (
				7CA1A5841CB847CE0001D27F /* 01_Timer */,
				7CA1A5831CB847CE0001D27F /* Products */,
			);
			sourceTree = "<group>";
		};
		7CA1A5831CB847CE0001D27F /* Products */ = {
			isa = PBXGroup;
			children = (
				7CA1A5821CB847CE0001D27F /* 01_Timer.app */,
			);
			name = Products;
			sourceTree = "<group>";
		};
		7CA1A5841CB847CE0001D27F /* 01_Timer */ = {
			isa = PBXGroup;
			children = (
				7CA1A5851CB847CE0001D27F /* AppDelegate.swift */,
				7CA1A5871CB847CE0001D27F /* ViewController.swift */,
				7CA1A5891CB847CE0001D27F /* Main.storyboard */,
				7CA1A58C1CB847CE0001D27F /* Assets.xcassets */,
				7CA1A58E1CB847CE0001D27F /* LaunchScreen.storyboard */,
				7CA1A5911CB847CE0001D27F /* Info.plist */,
			);
			path = 01_Timer;
			sourceTree = "<group>";
		};
/* End PBXGroup section */

/* Begin PBXNativeTarget section */
		7CA1A5811CB847CE0001D27F /* 01_Timer */ = {
			isa = PBXNativeTarget;
			buildConfigurationList = 7CA1A5941CB847CE0001D27F /* Build configuration list for PBXNativeTarget "01_Timer" */;
			buildPhases = (
				7CA1A57E1CB847CE0001D27F /* Sources */,
				7CA1A57F1CB847CE0001D27F /* Frameworks */,
				7CA1A5801CB847CE0001D27F /* Resources */,
			);
			buildRules = (
			);
			dependencies = (
			);
			name = 01_Timer;
			productName = 01_Timer;
			productReference = 7CA1A5821CB847CE0001D27F /* 01_Timer.app */;
			productType = "com.apple.product-type.application";
		};
/* End PBXNativeTarget section */

/* Begin PBXProject section */
		7CA1A57A1CB847CE0001D27F /* Project object */ = {
			isa = PBXProject;
			attributes = {
				LastSwiftUpdateCheck = 0730;
				LastUpgradeCheck = 0730;
				ORGANIZATIONNAME = "Felipe Assunção";
				TargetAttributes = {
					7CA1A5811CB847CE0001D27F = {
						CreatedOnToolsVersion = 7.3;
						DevelopmentTeam = 9KT7E833CG;
					};
				};
			};
			buildConfigurationList = 7CA1A57D1CB847CE0001D27F /* Build configuration list for PBXProject "01_Timer" */;
			compatibilityVersion = "Xcode 3.2";
			developmentRegion = English;
			hasScannedForEncodings = 0;
			knownRegions = (
				en,
				Base,
			);
			mainGroup = 7CA1A5791CB847CE0001D27F;
			productRefGroup = 7CA1A5831CB847CE0001D27F /* Products */;
			projectDirPath = "";
			projectRoot = "";
			targets = (
				7CA1A5811CB847CE0001D27F /* 01_Timer */,
			);
		};
/* End PBXProject section */

/* Begin PBXResourcesBuildPhase section */
		7CA1A5801CB847CE0001D27F /* Resources */ = {
			isa = PBXResourcesBuildPhase;
			buildActionMask = 2147483647;
			files = (
				7CA1A5901CB847CE0001D27F /* LaunchScreen.storyboard in Resources */,
				7CA1A58D1CB847CE0001D27F /* Assets.xcassets in Resources */,
				7CA1A58B1CB847CE0001D27F /* Main.storyboard in Resources */,
			);
			runOnlyForDeploymentPostprocessing = 0;
		};
/* End PBXResourcesBuildPhase section */

/* Begin PBXSourcesBuildPhase section */
		7CA1A57E1CB847CE0001D27F /* Sources */ = {
			isa = PBXSourcesBuildPhase;
			buildActionMask = 2147483647;
			files = (
				7CA1A5881CB847CE0001D27F /* ViewController.swift in Sources */,
				7CA1A5861CB847CE0001D27F /* AppDelegate.swift in Sources */,
			);
			runOnlyForDeploymentPostprocessing = 0;
		};
/* End PBXSourcesBuildPhase section */

/* Begin PBXVariantGroup section */
		7CA1A5891CB847CE0001D27F /* Main.storyboard */ = {
			isa = PBXVariantGroup;
			children = (
				7CA1A58A1CB847CE0001D27F /* Base */,
			);
			name = Main.storyboard;
			sourceTree = "<group>";
		};
		7CA1A58E1CB847CE0001D27F /* LaunchScreen.storyboard */ = {
			isa = PBXVariantGroup;
			children = (
				7CA1A58F1CB847CE0001D27F /* Base */,
			);
			name = LaunchScreen.storyboard;
			sourceTree = "<group>";
		};
/* End PBXVariantGroup section */

/* Begin XCBuildConfiguration section */
		7CA1A5921CB847CE0001D27F /* Debug */ = {
			isa = XCBuildConfiguration;
			buildSettings = {
				ALWAYS_SEARCH_USER_PATHS = NO;
				CLANG_ANALYZER_NONNULL = YES;
				CLANG_CXX_LANGUAGE_STANDARD = "gnu++0x";
				CLANG_CXX_LIBRARY = "libc++";
				CLANG_ENABLE_MODULES = YES;
				CLANG_ENABLE_OBJC_ARC = YES;
				CLANG_WARN_BOOL_CONVERSION = YES;
				CLANG_WARN_CONSTANT_CONVERSION = YES;
				CLANG_WARN_DIRECT_OBJC_ISA_USAGE = YES_ERROR;
				CLANG_WARN_EMPTY_BODY = YES;
				CLANG_WARN_ENUM_CONVERSION = YES;
				CLANG_WARN_INT_CONVERSION = YES;
				CLANG_WARN_OBJC_ROOT_CLASS = YES_ERROR;
				CLANG_WARN_UNREACHABLE_CODE = YES;
				CLANG_WARN__DUPLICATE_METHOD_MATCH = YES;
				"CODE_SIGN_IDENTITY[sdk=iphoneos*]" = "iPhone Developer";
				COPY_PHASE_STRIP = NO;
				DEBUG_INFORMATION_FORMAT = dwarf;
				ENABLE_STRICT_OBJC_MSGSEND = YES;
				ENABLE_TESTABILITY = YES;
				GCC_C_LANGUAGE_STANDARD = gnu99;
				GCC_DYNAMIC_NO_PIC = NO;
				GCC_NO_COMMON_BLOCKS = YES;
				GCC_OPTIMIZATION_LEVEL = 0;
				GCC_PREPROCESSOR_DEFINITIONS = (
					"DEBUG=1",
					"$(inherited)",
				);
				GCC_WARN_64_TO_32_BIT_CONVERSION = YES;
				GCC_WARN_ABOUT_RETURN_TYPE = YES_ERROR;
				GCC_WARN_UNDECLARED_SELECTOR = YES;
				GCC_WARN_UNINITIALIZED_AUTOS = YES_AGGRESSIVE;
				GCC_WARN_UNUSED_FUNCTION = YES;
				GCC_WARN_UNUSED_VARIABLE = YES;
				IPHONEOS_DEPLOYMENT_TARGET = 9.3;
				MTL_ENABLE_DEBUG_INFO = YES;
				ONLY_ACTIVE_ARCH = YES;
				SDKROOT = iphoneos;
				SWIFT_OPTIMIZATION_LEVEL = "-Onone";
			};
			name = Debug;
		};
		7CA1A5931CB847CE0001D27F /* Release */ = {
			isa = XCBuildConfiguration;
			buildSettings = {
				ALWAYS_SEARCH_USER_PATHS = NO;
				CLANG_ANALYZER_NONNULL = YES;
				CLANG_CXX_LANGUAGE_STANDARD = "gnu++0x";
				CLANG_CXX_LIBRARY = "libc++";
				CLANG_ENABLE_MODULES = YES;
				CLANG_ENABLE_OBJC_ARC = YES;
				CLANG_WARN_BOOL_CONVERSION = YES;
				CLANG_WARN_CONSTANT_CONVERSION = YES;
				CLANG_WARN_DIRECT_OBJC_ISA_USAGE = YES_ERROR;
				CLANG_WARN_EMPTY_BODY = YES;
				CLANG_WARN_ENUM_CONVERSION = YES;
				CLANG_WARN_INT_CONVERSION = YES;
				CLANG_WARN_OBJC_ROOT_CLASS = YES_ERROR;
				CLANG_WARN_UNREACHABLE_CODE = YES;
				CLANG_WARN__DUPLICATE_METHOD_MATCH = YES;
				"CODE_SIGN_IDENTITY[sdk=iphoneos*]" = "iPhone Developer";
				COPY_PHASE_STRIP = NO;
				DEBUG_INFORMATION_FORMAT = "dwarf-with-dsym";
				ENABLE_NS_ASSERTIONS = NO;
				ENABLE_STRICT_OBJC_MSGSEND = YES;
				GCC_C_LANGUAGE_STANDARD = gnu99;
				GCC_NO_COMMON_BLOCKS = YES;
				GCC_WARN_64_TO_32_BIT_CONVERSION = YES;
				GCC_WARN_ABOUT_RETURN_TYPE = YES_ERROR;
				GCC_WARN_UNDECLARED_SELECTOR = YES;
				GCC_WARN_UNINITIALIZED_AUTOS = YES_AGGRESSIVE;
				GCC_WARN_UNUSED_FUNCTION = YES;
				GCC_WARN_UNUSED_VARIABLE = YES;
				IPHONEOS_DEPLOYMENT_TARGET = 9.3;
				MTL_ENABLE_DEBUG_INFO = NO;
				SDKROOT = iphoneos;
				VALIDATE_PRODUCT = YES;
			};
			name = Release;
		};
		7CA1A5951CB847CE0001D27F /* Debug */ = {
			isa = XCBuildConfiguration;
			buildSettings = {
				ASSETCATALOG_COMPILER_APPICON_NAME = AppIcon;
				INFOPLIST_FILE = 01_Timer/Info.plist;
				LD_RUNPATH_SEARCH_PATHS = "$(inherited) @executable_path/Frameworks";
				PRODUCT_BUNDLE_IDENTIFIER = "com.acquire.-1-Timer";
				PRODUCT_NAME = "$(TARGET_NAME)";
			};
			name = Debug;
		};
		7CA1A5961CB847CE0001D27F /* Release */ = {
			isa = XCBuildConfiguration;
			buildSettings = {
				ASSETCATALOG_COMPILER_APPICON_NAME = AppIcon;
				INFOPLIST_FILE = 01_Timer/Info.plist;
				LD_RUNPATH_SEARCH_PATHS = "$(inherited) @executable_path/Frameworks";
				PRODUCT_BUNDLE_IDENTIFIER = "com.acquire.-1-Timer";
				PRODUCT_NAME = "$(TARGET_NAME)";
			};
			name = Release;
		};
/* End XCBuildConfiguration section */

/* Begin XCConfigurationList section */
		7CA1A57D1CB847CE0001D27F /* Build configuration list for PBXProject "01_Timer" */ = {
			isa = XCConfigurationList;
			buildConfigurations = (
				7CA1A5921CB847CE0001D27F /* Debug */,
				7CA1A5931CB847CE0001D27F /* Release */,
			);
			defaultConfigurationIsVisible = 0;
			defaultConfigurationName = Release;
		};
		7CA1A5941CB847CE0001D27F /* Build configuration list for PBXNativeTarget "01_Timer" */ = {
			isa = XCConfigurationList;
			buildConfigurations = (
				7CA1A5951CB847CE0001D27F /* Debug */,
				7CA1A5961CB847CE0001D27F /* Release */,
			);
			defaultConfigurationIsVisible = 0;
		};
/* End XCConfigurationList section */
	};
	rootObject = 7CA1A57A1CB847CE0001D27F /* Project object */;
}
